lockfileVersion: '9.0'

settings:
  autoInstallPeers: true
  excludeLinksFromLockfile: false

importers:

  .:
    dependencies:
      leaflet:
        specifier: ^1.9.4
        version: 1.9.4
      react-leaflet:
        specifier: ^5.0.0
        version: 5.0.0(leaflet@1.9.4)(react-dom@19.3.0(react@19.3.0))(react@19.3.0)
    devDependencies:
      '@types/geojson':
        specifier: ^7946.0.16
        version: 7946.0.16
      '@types/leaflet':
        specifier: ^1.9.22
        version: 1.9.22

packages:

  '@react-leaflet/core@3.0.0':
    resolution: {integrity: sha512-3EWmekh4Nz+pGcr+xjf0KNyYfC3U2JjnkWsh0zcqaexYqmmB5ZhH37kz41JXGmKzpaMZCnPofBBm64i+YrEvGQ==}
    peerDependencies:
      leaflet: ^1.9.0
      react: ^19.0.0
      react-dom: ^19.0.0

  '@types/geojson@7946.0.16':
    resolution: {integrity: sha512-6C8nqWur3j98U6+lXDfTUWIfgvZU+EumvpHKcYjujKH7woYyLj2sUmff0tRhrqM7BohUw7Pz3ZB1jj2gW9Fvmg==}

  '@types/leaflet@1.9.22':
    resolution: {integrity: sha512-h3lhECYEKDasG7LFHu+GiHqAvsgLuQvlJvVZzJDGONo3sEL+wUOqSFLnwkZlK0qVxnxbuGFW8iBlJNYs5wgndA==}

  leaflet@1.9.4:
    resolution: {integrity: sha512-nxS1ynzJOmOlHp+iL3FyWqK89GtNL8U8rvlMOsQdTTssxZwCXh8N2NB3GDQOL+YR3XnWyZAxwQixURb+FA74PA==}

  react-dom@19.3.0:
    resolution: {integrity: sha512-JDk8dgif51OjFoDE70+OT9ICyYr+69HlmihNwp1+Nsfbna3t5sIiCa9ZJktDmQ4/1b/rn26hIAR2uYXDMr5r0Q==}
    peerDependencies:
      react: ^19.3.0

  react-leaflet@5.0.0:
    resolution: {integrity: sha512-CWbTpr5vcHw5bt9i4zSlPEVQdTVcML390TjeDG0cK59z1ylexpqC6M1PJFjV8jD7CF+ACBFsLIDs6DRMoLEofw==}
    peerDependencies:
      leaflet: ^1.9.0
      react: ^19.0.0
      react-dom: ^19.0.0

  react@19.3.0:
    resolution: {integrity: sha512-E8LUcbtBWt20bbl2YoHfx4ZDBdxVTfOKtCZn9cDSJ4l6/nuoApcpIBcj47t2wZoVX8g2ZHuMHbiShgCR1T5Sog==}
    engines: {node: '>=0.10.0'}

  scheduler@0.28.0:
    resolution: {integrity: sha512-juorfCmIkIw8tT+p5BXSm6PJjQF/ycEYmKyzURCIt/RaZIhL+PulbQ9Yu2z1HdOJDdqDTlxA1+xKBmHXJsczAw==}

snapshots:

  '@react-leaflet/core@3.0.0(leaflet@1.9.4)(react-dom@19.3.0(react@19.3.0))(react@19.3.0)':
    dependencies:
      leaflet: 1.9.4
      react: 19.3.0
      react-dom: 19.3.0(react@19.3.0)

  '@types/geojson@7946.0.16': {}

  '@types/leaflet@1.9.22':
    dependencies:
      '@types/geojson': 7946.0.16

  leaflet@1.9.4: {}

  react-dom@19.3.0(react@19.3.0):
    dependencies:
      react: 19.3.0
      scheduler: 0.28.0

  react-leaflet@5.0.0(leaflet@1.9.4)(react-dom@19.3.0(react@19.3.0))(react@19.3.0):
    dependencies:
      '@react-leaflet/core': 3.0.0(leaflet@1.9.4)(react-dom@19.3.0(react@19.3.0))(react@19.3.0)
      leaflet: 1.9.4
      react: 19.3.0
      react-dom: 19.3.0(react@19.3.0)

  react@19.3.0: {}

  scheduler@0.28.0: {}
